{
    "_meta": {
        "hash": {
            "sha256": "d9c48de2578836d7c0b2aefb874e0a6f5f97d82d155d6607197141dcc383cfeb"
        },
        "pipfile-spec": 6,
        "requires": {
            "python_version": "3.8"
        },
        "sources": [
            {
                "name": "pypi",
                "url": "https://pypi.org/simple",
                "verify_ssl": true
            }
        ]
    },
    "default": {
        "appnope": {
            "hashes": [
                "sha256:02bd91c4de869fbb1e1c50aafc4098827a7a54ab2f39d9dcba6c9547ed920e24",
                "sha256:265a455292d0bd8a72453494fa24df5a11eb18373a60c7c0430889f22548605e"
            ],
            "markers": "sys_platform == 'darwin'",
            "version": "==0.1.3"
        },
        "asttokens": {
            "hashes": [
                "sha256:2e0171b991b2c959acc6c49318049236844a5da1d65ba2672c4880c1c894834e",
                "sha256:cf8fc9e61a86461aa9fb161a14a0841a03c405fa829ac6b202670b3495d2ce69"
            ],
            "version": "==2.4.0"
        },
        "backcall": {
            "hashes": [
                "sha256:5cbdbf27be5e7cfadb448baf0aa95508f91f2bbc6c6437cd9cd06e2a4c215e1e",
                "sha256:fbbce6a29f263178a1f7915c1940bde0ec2b2a967566fe1c65c1dfb7422bd255"
            ],
            "version": "==0.2.0"
        },
        "colorama": {
            "hashes": [
                "sha256:08695f5cb7ed6e0531a20572697297273c47b8cae5a63ffc6d6ed5c201be6e44",
                "sha256:4f1d9991f5acc0ca119f9d443620b77f9d6b33703e51011c16baf57afb285fc6"
            ],
            "index": "pypi",
            "version": "==0.4.6"
        },
        "decorator": {
            "hashes": [
                "sha256:637996211036b6385ef91435e4fae22989472f9d571faba8927ba8253acbc330",
                "sha256:b8c3f85900b9dc423225913c5aace94729fe1fa9763b38939a95226f02d37186"
            ],
            "markers": "python_version < '3.11' and python_version >= '3.7'",
            "version": "==5.1.1"
        },
        "executing": {
            "hashes": [
                "sha256:0314a69e37426e3608aada02473b4161d4caf5a4b244d1d0c48072b8fee7bacc",
                "sha256:19da64c18d2d851112f09c287f8d3dbbdf725ab0e569077efb6cdcbd3497c107"
            ],
            "version": "==1.2.0"
        },
        "ipdb": {
            "hashes": [
                "sha256:45529994741c4ab6d2388bfa5d7b725c2cf7fe9deffabdb8a6113aa5ed449ed4",
                "sha256:e3ac6018ef05126d442af680aad863006ec19d02290561ac88b8b1c0b0cfc726"
            ],
            "index": "pypi",
            "version": "==0.13.13"
        },
        "ipython": {
            "hashes": [
                "sha256:c7b80eb7f5a855a88efc971fda506ff7a91c280b42cdae26643e0f601ea281ea",
                "sha256:ea8801f15dfe4ffb76dea1b09b847430ffd70d827b41735c64a0638a04103bfc"
            ],
            "markers": "python_version < '3.11' and python_version >= '3.7'",
            "version": "==8.12.2"
        },
        "jedi": {
            "hashes": [
                "sha256:bcf9894f1753969cbac8022a8c2eaee06bfa3724e4192470aaffe7eb6272b0c4",
                "sha256:cb8ce23fbccff0025e9386b5cf85e892f94c9b822378f8da49970471335ac64e"
            ],
            "markers": "python_version >= '3.6'",
            "version": "==0.19.0"
        },
        "matplotlib-inline": {
            "hashes": [
                "sha256:f1f41aab5328aa5aaea9b16d083b128102f8712542f819fe7e6a420ff581b311",
                "sha256:f887e5f10ba98e8d2b150ddcf4702c1e5f8b3a20005eb0f74bfdbd360ee6f304"
            ],
            "markers": "python_version >= '3.5'",
            "version": "==0.1.6"
        },
        "parso": {
            "hashes": [
                "sha256:8c07be290bb59f03588915921e29e8a50002acaf2cdc5fa0e0114f91709fafa0",
                "sha256:c001d4636cd3aecdaf33cbb40aebb59b094be2a74c556778ef5576c175e19e75"
            ],
            "markers": "python_version >= '3.6'",
            "version": "==0.8.3"
        },
        "pexpect": {
            "hashes": [
                "sha256:0b48a55dcb3c05f3329815901ea4fc1537514d6ba867a152b581d69ae3710937",
                "sha256:fc65a43959d153d0114afe13997d439c22823a27cefceb5ff35c2178c6784c0c"
            ],
            "markers": "sys_platform != 'win32'",
            "version": "==4.8.0"
        },
        "pickleshare": {
            "hashes": [
                "sha256:87683d47965c1da65cdacaf31c8441d12b8044cdec9aca500cd78fc2c683afca",
                "sha256:9649af414d74d4df115d5d718f82acb59c9d418196b7b4290ed47a12ce62df56"
            ],
            "version": "==0.7.5"
        },
        "prompt-toolkit": {
            "hashes": [
                "sha256:04505ade687dc26dc4284b1ad19a83be2f2afe83e7a828ace0c72f3a1df72aac",
                "sha256:9dffbe1d8acf91e3de75f3b544e4842382fc06c6babe903ac9acb74dc6e08d88"
            ],
            "markers": "python_full_version >= '3.7.0'",
            "version": "==3.0.39"
        },
        "ptyprocess": {
            "hashes": [
                "sha256:4b41f3967fce3af57cc7e94b888626c18bf37a083e3651ca8feeb66d492fef35",
                "sha256:5c5d0a3b48ceee0b48485e0c26037c0acd7d29765ca3fbb5cb3831d347423220"
            ],
            "version": "==0.7.0"
        },
        "pure-eval": {
            "hashes": [
                "sha256:01eaab343580944bc56080ebe0a674b39ec44a945e6d09ba7db3cb8cec289350",
                "sha256:2b45320af6dfaa1750f543d714b6d1c520a1688dec6fd24d339063ce0aaa9ac3"
            ],
            "version": "==0.2.2"
        },
        "pygame": {
            "hashes": [
                "sha256:05b13f5994efd61c3de50ef0b5062fa3396e3fd851e99e215a7e3da78da49561",
                "sha256:0618d8648e8d890a1bfc04a2ffd043a9b20dbc2e175d1347402e044729a5515b",
                "sha256:06c0a4f415dffa0b9d9099ee01647b1d6794f6a96b2b909997e05acff85e745c",
                "sha256:0b378ba0756173e9dc8cd7e0c40cb6ba217b122a6bef2ce3479293d543cc9777",
                "sha256:11cb40204cad95b7c23aee32bac048a531e3528a6f12dd3601504ec0b6000c06",
                "sha256:184d8e3b025ca6cbd199235faece6a7b911725566f40c71e0773058f1e189da2",
                "sha256:1f90e3e6677cfc56bb04b13fb6c6e61e5f24d9373b27d33942ba7e4da0255c8d",
                "sha256:2377534fe2947ae6eaec1b7469f438ae4e4f3ff22c67b80e0c580215a52654ce",
                "sha256:2cb3d56f34147c4c6653c4dac8d58e0791a298abff762aab147679e6935e6cd0",
                "sha256:30fe97290f0fcc6a6f45a939a95ae44477a9b36cd89f93a7435bdad6d6a2bedd",
                "sha256:3b0ab1e29459f5e6d88c3c586f59113172846f8800f0a166d1605a0f459f8242",
                "sha256:3df49bb58dcd70ed76e8da0e936a267c57245e5b057ceeaa9070340d7d49162a",
                "sha256:423168a16e89e02b4addfd3c2b68cfa9826bd675aa18141435de16da85143afe",
                "sha256:426897ec90e91a05c3d41c44875793568d4b20065f086ac476729a9e557e8976",
                "sha256:4276c2688b11e098bb3732e7e243f522a58d0cd662bc72008727fc7671277771",
                "sha256:48c6064bc879ef092194cf21ba25433500a0f8006979ef9ae145081ed1767de7",
                "sha256:4c410bd1d0807820fef48f15452366d0ef100d966323835ced818f7833d16a5a",
                "sha256:57bf8237fa2dcc16ddb4cd2eddaa52009e6c84f219c051b118d8863ea7f05433",
                "sha256:57c361a402db63224160082451721caafc138e6e27aba5f30f9268672fb8f3d1",
                "sha256:581ef66dfbff883fc4a172f57395db4e8c97d3381860e81943261a5a5214fde7",
                "sha256:5a232083d54c5936f40cb493d9cced38702a03dd7918fefd9a6b6522875714e5",
                "sha256:5a78eb81082bf460249f0e7267db8d2f401f37f538b673125719be1db504584c",
                "sha256:5e4bbe4b94cd0dbf592ee32be5561b0cad8327aff92c36e7a1a1372ed804229e",
                "sha256:62f09b59b9702ccf9d7a6e7c6ebb1fca5f0072c30e99b4f786c5478876433f0c",
                "sha256:63f7b0cd0ea631161b72056ce6d8ee0eb6af809e1a1f96c5fd338ec8b7e9eb33",
                "sha256:643a0556b563a9ae9448ffdec459bb84d200be666e4fd197d68be15b6c2b4826",
                "sha256:65d1983837fd1f8a9fee3576500e666fcdd4efb20c4b8d0edab2ff6921c67aa8",
                "sha256:6621baf985d8aec2b1089d86dcbf7b53ed1b235d9b372b1083e385f8d6ef9ee1",
                "sha256:757f74c029c6d0fbed8f778034c7fa5be77f3d1cf217e9eda48d8508b7672d14",
                "sha256:7613ccb5c1800234c7e2d090f5f0be9d72f5fd76e49acc458bcc33797ab0de97",
                "sha256:84e4a4da14235d812b65081a87dbe89a4d45a101d06a4f33cf386be825e8797e",
                "sha256:8722cae725c49493603509087d5c4e6b9200993ab998663a553df3279237c52d",
                "sha256:88d2a8880200035017696783475b6f32b0e551fbb23a52f0223264b24d680949",
                "sha256:8e9816fa15aea99b6ea2e0b88ba07e83cc19a152c3724016d323823e6e713454",
                "sha256:8fbf01919feea464b57b505973f68386d73d2cd08cf52078c578e3bffcf03c84",
                "sha256:9212522069fca25cadf3a8044383d01f5451833b66f950cb9bc6d49406f88cee",
                "sha256:93de41a54909f5622f01671d04e22c4dbc889ae8c3d1b1ee1b25d4e83077683f",
                "sha256:9463b7c80994eabcb6f9460a7859241fe030c6654d041a2f26ce12366ae202f3",
                "sha256:a0eb2cae526a39a8e213477ce6d4947d7b7fb50757fbdb0275c9e3ee1bca22df",
                "sha256:afc3d7d125baba727785fd4a05b2a99a0ee1c0cff6db7321e65607a3f644724d",
                "sha256:b06122f17e5c6ec7316c454613a34d697abfed94ed1029f26b804d20ef6ba550",
                "sha256:b7f88720be5c740576fd988dc0375328dc1adb070869654a245531e03df46262",
                "sha256:be1ec9bf870d155b978811d115363c89eb10418c78295bb58b7bbd4e679d0010",
                "sha256:c1b2d1fcb51e60ecacd18f2a03f2a6023453ab64298fd4f54d8c50a5b2a13bff",
                "sha256:cbcc7284369118299ce935062ef0c79d67503ad3b86bd6b02a29211279a46244",
                "sha256:cbcd03784a1858c2c5b91b6ba65c1905b9e30a2e150759f5a54af3241e008fbc",
                "sha256:cfb90539845885c4bb7861d6c7fe84ffb19de466b6d55fc39b707e8ea261ff93",
                "sha256:d9c01780e8a11047c0a9f9b09db023d736c2221a292f2542b398f78a0bf15f32",
                "sha256:e21a79fd5db155164ad3341f12c89e121ce53cb4ea1856527dfa9daeb3f6016d",
                "sha256:e234c4d58b76dfc0d32b337e46e2191fa4dad7b3b0c7110d5c97076f1bf8cbd4",
                "sha256:e8c5953767eb459d9a32ca52399c2f379af807a24e00163f1bcb1aacc1e81d59",
                "sha256:ea3bce8488f2bdb83a874f7799e229be9e0a1b70d2cff9c47234c19a54ab868e",
                "sha256:f0b237cee5147f95bcbc98d8c1f13da4a6a637256a274021313db6a11ab8cebf",
                "sha256:f597d1c57d4297b518865d95539fa70decbba77809bda66278baf0df98b6e2cf",
                "sha256:f983d62e659e7b2644605b690e2b72683b2d0d1124f09274ffa2cc8658648546"
            ],
            "index": "pypi",
            "version": "==2.5.1"
        },
        "pygments": {
            "hashes": [
                "sha256:13fc09fa63bc8d8671a6d247e1eb303c4b343eaee81d861f3404db2935653692",
                "sha256:1daff0494820c69bc8941e407aa20f577374ee88364ee10a98fdbe0aece96e29"
            ],
            "markers": "python_version >= '3.7'",
            "version": "==2.16.1"
        },
        "six": {
            "hashes": [
                "sha256:1e61c37477a1626458e36f7b1d82aa5c9b094fa4802892072e49de9c60c4c926",
                "sha256:8abb2f1d86890a2dfb989f9a77cfcfd3e47c2a354b01111771326f8aa26e0254"
            ],
            "markers": "python_version >= '2.7' and python_version not in '3.0, 3.1, 3.2, 3.3'",
            "version": "==1.16.0"
        },
        "stack-data": {
            "hashes": [
                "sha256:32d2dd0376772d01b6cb9fc996f3c8b57a357089dec328ed4b6553d037eaf815",
                "sha256:cbb2a53eb64e5785878201a97ed7c7b94883f48b87bfb0bbe8b623c74679e4a8"
            ],
            "version": "==0.6.2"
        },
        "tomli": {
            "hashes": [
                "sha256:939de3e7a6161af0c887ef91b7d41a53e7c5a1ca976325f429cb46ea9bc30ecc",
                "sha256:de526c12914f0c550d15924c62d72abc48d6fe7364aa87328337a31007fe8a4f"
            ],
            "markers": "python_version < '3.11' and python_version >= '3.7'",
            "version": "==2.0.1"
        },
        "traitlets": {
            "hashes": [
                "sha256:9e6ec080259b9a5940c797d58b613b5e31441c2257b87c2e795c5228ae80d2d8",
                "sha256:f6cde21a9c68cf756af02035f72d5a723bf607e862e7be33ece505abf4a3bad9"
            ],
            "markers": "python_version >= '3.7'",
            "version": "==5.9.0"
        },
        "typing-extensions": {
            "hashes": [
                "sha256:440d5dd3af93b060174bf433bccd69b0babc3b15b1a8dca43789fd7f61514b36",
                "sha256:b75ddc264f0ba5615db7ba217daeb99701ad295353c45f9e95963337ceeeffb2"
            ],
            "markers": "python_version < '3.10'",
            "version": "==4.7.1"
        },
        "wcwidth": {
            "hashes": [
                "sha256:795b138f6875577cd91bba52baf9e445cd5118fd32723b460e30a0af30ea230e",
                "sha256:a5220780a404dbe3353789870978e472cfe477761f06ee55077256e509b156d0"
            ],
            "version": "==0.2.6"
        }
    },
    "develop": {}
}
